
Microsoft Visual Studio Solution File, Format Version 12.00
# Visual Studio Version 17
VisualStudioVersion = 17.4.33122.133
MinimumVisualStudioVersion = 10.0.40219.1
Project("{FAE04EC0-301F-11D3-BF4B-00C04F79EFBC}") = "Desafios Intermediários CSharp I Tempo do Dobby", "Desafios Intermediários CSharp I Tempo do Dobby\Desafios Intermediários CSharp I Tempo do Dobby.csproj", "{DE8CC6FB-158A-449C-9CB0-8C1A0628C82A}"
EndProject
Global
	GlobalSection(SolutionConfigurationPlatforms) = preSolution
		Debug|Any CPU = Debug|Any CPU
		Release|Any CPU = Release|Any CPU
	EndGlobalSection
	GlobalSection(ProjectConfigurationPlatforms) = postSolution
		{DE8CC6FB-158A-449C-9CB0-8C1A0628C82A}.Debug|Any CPU.ActiveCfg = Debug|Any CPU
		{DE8CC6FB-158A-449C-9CB0-8C1A0628C82A}.Debug|Any CPU.Build.0 = Debug|Any CPU
		{DE8CC6FB-158A-449C-9CB0-8C1A0628C82A}.Release|Any CPU.ActiveCfg = Release|Any CPU
		{DE8CC6FB-158A-449C-9CB0-8C1A0628C82A}.Release|Any CPU.Build.0 = Release|Any CPU
	EndGlobalSection
	GlobalSection(SolutionProperties) = preSolution
		HideSolutionNode = FALSE
	EndGlobalSection
	GlobalSection(ExtensibilityGlobals) = postSolution
		SolutionGuid = {299C7346-9FA5-4735-B891-E432D29A4E4E}
	EndGlobalSection
EndGlobal
